Microsoft Visual Studio Solution File, Format Version 12.00
# Visual Studio Version 17
VisualStudioVersion = 17.0.31903.59
MinimumVisualStudioVersion = 10.0.40219.1
Project("{2150E333-8FDC-42A3-9474-1A3956D46DE8}") = "Shared", "Shared", "{EACEE379-1F6D-FE02-25EC-6D33BAD3E4F8}"
EndProject
Project("{FAE04EC0-301F-11D3-BF4B-00C04F79EFBC}") = "QuickCode.QuickCode.Domain.Shared", "Shared\QuickCode.QuickCode.Domain.Shared\QuickCode.QuickCode.Domain.Shared.csproj", "{9ABEC804-90DF-B1DF-C0A9-39B00B0A4869}"
EndProject
Project("{FAE04EC0-301F-11D3-BF4B-00C04F79EFBC}") = "QuickCode.QuickCode.Application.Contracts", "Shared\QuickCode.QuickCode.Application.Contracts\QuickCode.QuickCode.Application.Contracts.csproj", "{3CF8BBC0-9E86-456F-53B3-3A4E1AC95F83}"
EndProject
Project("{FAE04EC0-301F-11D3-BF4B-00C04F79EFBC}") = "QuickCode.QuickCode.Infrastructure.Data", "Shared\QuickCode.QuickCode.Infrastructure.Data\QuickCode.QuickCode.Infrastructure.Data.csproj", "{8C1B7B35-41FC-A2D9-94DA-3FF9BAEB85A0}"
EndProject
Project("{FAE04EC0-301F-11D3-BF4B-00C04F79EFBC}") = "QuickCode.QuickCode.Infrastructure.Integration", "Shared\QuickCode.QuickCode.Infrastructure.Integration\QuickCode.QuickCode.Infrastructure.Integration.csproj", "{332537F2-1126-862E-4090-02127BCAEBAF}"
EndProject
Project("{FAE04EC0-301F-11D3-BF4B-00C04F79EFBC}") = "QuickCode.QuickCode.Infrastructure.Web", "Shared\QuickCode.QuickCode.Infrastructure.Web\QuickCode.QuickCode.Infrastructure.Web.csproj", "{A6FA5468-C70F-E4C5-D002-267CD59BDF53}"
EndProject
Project("{2150E333-8FDC-42A3-9474-1A3956D46DE8}") = "Modules", "Modules", "{F44DA4B8-6CBB-1D0C-0E4B-677D6B5E64D3}"
EndProject
Project("{2150E333-8FDC-42A3-9474-1A3956D46DE8}") = "QuickCodeModule", "QuickCodeModule", "{C4286E75-F82B-F32F-D03E-466753D351B4}"
EndProject
Project("{2150E333-8FDC-42A3-9474-1A3956D46DE8}") = "Core", "Core", "{E97655C6-8103-DF36-FBDF-D51C9D7C4D96}"
EndProject
Project("{FAE04EC0-301F-11D3-BF4B-00C04F79EFBC}") = "QuickCode.QuickCode.QuickCodeModule.Application", "Modules\QuickCodeModule\Core\QuickCode.QuickCode.QuickCodeModule.Application\QuickCode.QuickCode.QuickCodeModule.Application.csproj", "{764D83CC-C95A-4083-6FDB-E5E1CC4A142A}"
EndProject
Project("{FAE04EC0-301F-11D3-BF4B-00C04F79EFBC}") = "QuickCode.QuickCode.QuickCodeModule.Application.Tests", "Modules\QuickCodeModule\Core\QuickCode.QuickCode.QuickCodeModule.Application.Tests\QuickCode.QuickCode.QuickCodeModule.Application.Tests.csproj", "{51641519-DD99-D4BD-98EF-9E41F8124A51}"
EndProject
Project("{FAE04EC0-301F-11D3-BF4B-00C04F79EFBC}") = "QuickCode.QuickCode.QuickCodeModule.Domain", "Modules\QuickCodeModule\Core\QuickCode.QuickCode.QuickCodeModule.Domain\QuickCode.QuickCode.QuickCodeModule.Domain.csproj", "{8ABE8CEE-35C9-1E66-1659-5B40E5F4BBA6}"
EndProject
Project("{2150E333-8FDC-42A3-9474-1A3956D46DE8}") = "Infrastructure", "Infrastructure", "{4A42C87A-122D-7931-41C2-DB4A3938300E}"
EndProject
Project("{FAE04EC0-301F-11D3-BF4B-00C04F79EFBC}") = "QuickCode.QuickCode.QuickCodeModule.Persistence", "Modules\QuickCodeModule\Infrastructure\QuickCode.QuickCode.QuickCodeModule.Persistence\QuickCode.QuickCode.QuickCodeModule.Persistence.csproj", "{C56486D9-60EF-B985-D67B-97FF39B78C5A}"
EndProject
Project("{FAE04EC0-301F-11D3-BF4B-00C04F79EFBC}") = "QuickCode.QuickCode.QuickCodeModule.Persistence.Tests", "Modules\QuickCodeModule\Infrastructure\QuickCode.QuickCode.QuickCodeModule.Persistence.Tests\QuickCode.QuickCode.QuickCodeModule.Persistence.Tests.csproj", "{DD94BF3F-4DED-D67F-00B5-470D1CFA40EA}"
EndProject
Project("{2150E333-8FDC-42A3-9474-1A3956D46DE8}") = "Presentation", "Presentation", "{4E12413F-7156-9B78-CACA-D25C32C4BD35}"
EndProject
Project("{FAE04EC0-301F-11D3-BF4B-00C04F79EFBC}") = "QuickCode.QuickCode.QuickCodeModule.Api", "Modules\QuickCodeModule\Presentation\QuickCode.QuickCode.QuickCodeModule.Api\QuickCode.QuickCode.QuickCodeModule.Api.csproj", "{CE21BACD-D4D8-31AE-7975-043D675C397E}"
EndProject
Project("{FAE04EC0-301F-11D3-BF4B-00C04F79EFBC}") = "QuickCode.QuickCode.QuickCodeModule.Api.Tests", "Modules\QuickCodeModule\Presentation\QuickCode.QuickCode.QuickCodeModule.Api.Tests\QuickCode.QuickCode.QuickCodeModule.Api.Tests.csproj", "{01D7F7E4-7190-411F-3F5D-FF0B52498A19}"
EndProject
Project("{2150E333-8FDC-42A3-9474-1A3956D46DE8}") = "IdentityModule", "IdentityModule", "{A52714F1-E0C9-816B-4559-93D91AFEB334}"
EndProject
Project("{2150E333-8FDC-42A3-9474-1A3956D46DE8}") = "Core", "Core", "{C875AD02-AFEA-DFFD-E9AC-E32C9D2D35C2}"
EndProject
Project("{FAE04EC0-301F-11D3-BF4B-00C04F79EFBC}") = "QuickCode.QuickCode.IdentityModule.Application", "Modules\IdentityModule\Core\QuickCode.QuickCode.IdentityModule.Application\QuickCode.QuickCode.IdentityModule.Application.csproj", "{7BD5EC15-5A18-D2FF-9CB3-4B156D0CDA6C}"
EndProject
Project("{FAE04EC0-301F-11D3-BF4B-00C04F79EFBC}") = "QuickCode.QuickCode.IdentityModule.Application.Tests", "Modules\IdentityModule\Core\QuickCode.QuickCode.IdentityModule.Application.Tests\QuickCode.QuickCode.IdentityModule.Application.Tests.csproj", "{7042947B-519F-59CD-CD13-BF17705C5A80}"
EndProject
Project("{FAE04EC0-301F-11D3-BF4B-00C04F79EFBC}") = "QuickCode.QuickCode.IdentityModule.Domain", "Modules\IdentityModule\Core\QuickCode.QuickCode.IdentityModule.Domain\QuickCode.QuickCode.IdentityModule.Domain.csproj", "{4FE1FBAC-8A0B-8754-DEAE-46165290BC65}"
EndProject
Project("{2150E333-8FDC-42A3-9474-1A3956D46DE8}") = "Infrastructure", "Infrastructure", "{121DA1B2-4F22-0234-49EB-C2BF6DE55000}"
EndProject
Project("{FAE04EC0-301F-11D3-BF4B-00C04F79EFBC}") = "QuickCode.QuickCode.IdentityModule.Persistence", "Modules\IdentityModule\Infrastructure\QuickCode.QuickCode.IdentityModule.Persistence\QuickCode.QuickCode.IdentityModule.Persistence.csproj", "{3C479840-9A52-A481-3AA6-EDD3C702612B}"
EndProject
Project("{FAE04EC0-301F-11D3-BF4B-00C04F79EFBC}") = "QuickCode.QuickCode.IdentityModule.Persistence.Tests", "Modules\IdentityModule\Infrastructure\QuickCode.QuickCode.IdentityModule.Persistence.Tests\QuickCode.QuickCode.IdentityModule.Persistence.Tests.csproj", "{6E5303B7-BE79-0357-A3C4-973BCE570BCB}"
EndProject
Project("{2150E333-8FDC-42A3-9474-1A3956D46DE8}") = "Presentation", "Presentation", "{44436FF8-FD08-2A12-5CD2-91E79E79B191}"
EndProject
Project("{FAE04EC0-301F-11D3-BF4B-00C04F79EFBC}") = "QuickCode.QuickCode.IdentityModule.Api", "Modules\IdentityModule\Presentation\QuickCode.QuickCode.IdentityModule.Api\QuickCode.QuickCode.IdentityModule.Api.csproj", "{85C1C841-87FD-4D67-BB31-BC8B9BCBFCC5}"
EndProject
Project("{FAE04EC0-301F-11D3-BF4B-00C04F79EFBC}") = "QuickCode.QuickCode.IdentityModule.Api.Tests", "Modules\IdentityModule\Presentation\QuickCode.QuickCode.IdentityModule.Api.Tests\QuickCode.QuickCode.IdentityModule.Api.Tests.csproj", "{21CC0ACC-DBCD-39BF-63AE-9F8FC5ED8E6D}"
EndProject
Project("{2150E333-8FDC-42A3-9474-1A3956D46DE8}") = "Presentation", "Presentation", "{F2C2E5CD-DF4C-3249-69C7-83C1BAC910D0}"
EndProject
Project("{FAE04EC0-301F-11D3-BF4B-00C04F79EFBC}") = "QuickCode.QuickCode.Gateway", "Presentation\QuickCode.QuickCode.Gateway\QuickCode.QuickCode.Gateway.csproj", "{517776A7-07E6-99C8-8A2E-D875CDE96CD8}"
EndProject
Project("{FAE04EC0-301F-11D3-BF4B-00C04F79EFBC}") = "QuickCode.QuickCode.Portal", "Presentation\QuickCode.QuickCode.Portal\QuickCode.QuickCode.Portal.csproj", "{63D0C8D3-9391-3B84-098A-09848DFD69F6}"
EndProject
Project("{2150E333-8FDC-42A3-9474-1A3956D46DE8}") = "Services", "Services", "{6F4D94F8-93E2-3F48-642D-43232B9A6F1F}"
EndProject
Project("{FAE04EC0-301F-11D3-BF4B-00C04F79EFBC}") = "QuickCode.QuickCode.EventListenerService", "Services\QuickCode.QuickCode.EventListenerService\QuickCode.QuickCode.EventListenerService.csproj", "{D756D7C8-C175-58D6-1A34-1BD475828515}"
EndProject
Global
	GlobalSection(SolutionConfigurationPlatforms) = preSolution
		Debug|Any CPU = Debug|Any CPU
		Release|Any CPU = Release|Any CPU
	EndGlobalSection
	GlobalSection(SolutionProperties) = preSolution
		HideSolutionNode = FALSE
	EndGlobalSection
	GlobalSection(ProjectConfigurationPlatforms) = postSolution
		{9ABEC804-90DF-B1DF-C0A9-39B00B0A4869}.Debug|Any CPU.ActiveCfg = Debug|Any CPU
		{9ABEC804-90DF-B1DF-C0A9-39B00B0A4869}.Debug|Any CPU.Build.0 = Debug|Any CPU
		{9ABEC804-90DF-B1DF-C0A9-39B00B0A4869}.Release|Any CPU.ActiveCfg = Release|Any CPU
		{9ABEC804-90DF-B1DF-C0A9-39B00B0A4869}.Release|Any CPU.Build.0 = Release|Any CPU
		{3CF8BBC0-9E86-456F-53B3-3A4E1AC95F83}.Debug|Any CPU.ActiveCfg = Debug|Any CPU
		{3CF8BBC0-9E86-456F-53B3-3A4E1AC95F83}.Debug|Any CPU.Build.0 = Debug|Any CPU
		{3CF8BBC0-9E86-456F-53B3-3A4E1AC95F83}.Release|Any CPU.ActiveCfg = Release|Any CPU
		{3CF8BBC0-9E86-456F-53B3-3A4E1AC95F83}.Release|Any CPU.Build.0 = Release|Any CPU
		{8C1B7B35-41FC-A2D9-94DA-3FF9BAEB85A0}.Debug|Any CPU.ActiveCfg = Debug|Any CPU
		{8C1B7B35-41FC-A2D9-94DA-3FF9BAEB85A0}.Debug|Any CPU.Build.0 = Debug|Any CPU
		{8C1B7B35-41FC-A2D9-94DA-3FF9BAEB85A0}.Release|Any CPU.ActiveCfg = Release|Any CPU
		{8C1B7B35-41FC-A2D9-94DA-3FF9BAEB85A0}.Release|Any CPU.Build.0 = Release|Any CPU
		{332537F2-1126-862E-4090-02127BCAEBAF}.Debug|Any CPU.ActiveCfg = Debug|Any CPU
		{332537F2-1126-862E-4090-02127BCAEBAF}.Debug|Any CPU.Build.0 = Debug|Any CPU
		{332537F2-1126-862E-4090-02127BCAEBAF}.Release|Any CPU.ActiveCfg = Release|Any CPU
		{332537F2-1126-862E-4090-02127BCAEBAF}.Release|Any CPU.Build.0 = Release|Any CPU
		{A6FA5468-C70F-E4C5-D002-267CD59BDF53}.Debug|Any CPU.ActiveCfg = Debug|Any CPU
		{A6FA5468-C70F-E4C5-D002-267CD59BDF53}.Debug|Any CPU.Build.0 = Debug|Any CPU
		{A6FA5468-C70F-E4C5-D002-267CD59BDF53}.Release|Any CPU.ActiveCfg = Release|Any CPU
		{A6FA5468-C70F-E4C5-D002-267CD59BDF53}.Release|Any CPU.Build.0 = Release|Any CPU
		{764D83CC-C95A-4083-6FDB-E5E1CC4A142A}.Debug|Any CPU.ActiveCfg = Debug|Any CPU
		{764D83CC-C95A-4083-6FDB-E5E1CC4A142A}.Debug|Any CPU.Build.0 = Debug|Any CPU
		{764D83CC-C95A-4083-6FDB-E5E1CC4A142A}.Release|Any CPU.ActiveCfg = Release|Any CPU
		{764D83CC-C95A-4083-6FDB-E5E1CC4A142A}.Release|Any CPU.Build.0 = Release|Any CPU
		{51641519-DD99-D4BD-98EF-9E41F8124A51}.Debug|Any CPU.ActiveCfg = Debug|Any CPU
		{51641519-DD99-D4BD-98EF-9E41F8124A51}.Debug|Any CPU.Build.0 = Debug|Any CPU
		{51641519-DD99-D4BD-98EF-9E41F8124A51}.Release|Any CPU.ActiveCfg = Release|Any CPU
		{51641519-DD99-D4BD-98EF-9E41F8124A51}.Release|Any CPU.Build.0 = Release|Any CPU
		{8ABE8CEE-35C9-1E66-1659-5B40E5F4BBA6}.Debug|Any CPU.ActiveCfg = Debug|Any CPU
		{8ABE8CEE-35C9-1E66-1659-5B40E5F4BBA6}.Debug|Any CPU.Build.0 = Debug|Any CPU
		{8ABE8CEE-35C9-1E66-1659-5B40E5F4BBA6}.Release|Any CPU.ActiveCfg = Release|Any CPU
		{8ABE8CEE-35C9-1E66-1659-5B40E5F4BBA6}.Release|Any CPU.Build.0 = Release|Any CPU
		{C56486D9-60EF-B985-D67B-97FF39B78C5A}.Debug|Any CPU.ActiveCfg = Debug|Any CPU
		{C56486D9-60EF-B985-D67B-97FF39B78C5A}.Debug|Any CPU.Build.0 = Debug|Any CPU
		{C56486D9-60EF-B985-D67B-97FF39B78C5A}.Release|Any CPU.ActiveCfg = Release|Any CPU
		{C56486D9-60EF-B985-D67B-97FF39B78C5A}.Release|Any CPU.Build.0 = Release|Any CPU
		{DD94BF3F-4DED-D67F-00B5-470D1CFA40EA}.Debug|Any CPU.ActiveCfg = Debug|Any CPU
		{DD94BF3F-4DED-D67F-00B5-470D1CFA40EA}.Debug|Any CPU.Build.0 = Debug|Any CPU
		{DD94BF3F-4DED-D67F-00B5-470D1CFA40EA}.Release|Any CPU.ActiveCfg = Release|Any CPU
		{DD94BF3F-4DED-D67F-00B5-470D1CFA40EA}.Release|Any CPU.Build.0 = Release|Any CPU
		{CE21BACD-D4D8-31AE-7975-043D675C397E}.Debug|Any CPU.ActiveCfg = Debug|Any CPU
		{CE21BACD-D4D8-31AE-7975-043D675C397E}.Debug|Any CPU.Build.0 = Debug|Any CPU
		{CE21BACD-D4D8-31AE-7975-043D675C397E}.Release|Any CPU.ActiveCfg = Release|Any CPU
		{CE21BACD-D4D8-31AE-7975-043D675C397E}.Release|Any CPU.Build.0 = Release|Any CPU
		{01D7F7E4-7190-411F-3F5D-FF0B52498A19}.Debug|Any CPU.ActiveCfg = Debug|Any CPU
		{01D7F7E4-7190-411F-3F5D-FF0B52498A19}.Debug|Any CPU.Build.0 = Debug|Any CPU
		{01D7F7E4-7190-411F-3F5D-FF0B52498A19}.Release|Any CPU.ActiveCfg = Release|Any CPU
		{01D7F7E4-7190-411F-3F5D-FF0B52498A19}.Release|Any CPU.Build.0 = Release|Any CPU
		{7BD5EC15-5A18-D2FF-9CB3-4B156D0CDA6C}.Debug|Any CPU.ActiveCfg = Debug|Any CPU
		{7BD5EC15-5A18-D2FF-9CB3-4B156D0CDA6C}.Debug|Any CPU.Build.0 = Debug|Any CPU
		{7BD5EC15-5A18-D2FF-9CB3-4B156D0CDA6C}.Release|Any CPU.ActiveCfg = Release|Any CPU
		{7BD5EC15-5A18-D2FF-9CB3-4B156D0CDA6C}.Release|Any CPU.Build.0 = Release|Any CPU
		{7042947B-519F-59CD-CD13-BF17705C5A80}.Debug|Any CPU.ActiveCfg = Debug|Any CPU
		{7042947B-519F-59CD-CD13-BF17705C5A80}.Debug|Any CPU.Build.0 = Debug|Any CPU
		{7042947B-519F-59CD-CD13-BF17705C5A80}.Release|Any CPU.ActiveCfg = Release|Any CPU
		{7042947B-519F-59CD-CD13-BF17705C5A80}.Release|Any CPU.Build.0 = Release|Any CPU
		{4FE1FBAC-8A0B-8754-DEAE-46165290BC65}.Debug|Any CPU.ActiveCfg = Debug|Any CPU
		{4FE1FBAC-8A0B-8754-DEAE-46165290BC65}.Debug|Any CPU.Build.0 = Debug|Any CPU
		{4FE1FBAC-8A0B-8754-DEAE-46165290BC65}.Release|Any CPU.ActiveCfg = Release|Any CPU
		{4FE1FBAC-8A0B-8754-DEAE-46165290BC65}.Release|Any CPU.Build.0 = Release|Any CPU
		{3C479840-9A52-A481-3AA6-EDD3C702612B}.Debug|Any CPU.ActiveCfg = Debug|Any CPU
		{3C479840-9A52-A481-3AA6-EDD3C702612B}.Debug|Any CPU.Build.0 = Debug|Any CPU
		{3C479840-9A52-A481-3AA6-EDD3C702612B}.Release|Any CPU.ActiveCfg = Release|Any CPU
		{3C479840-9A52-A481-3AA6-EDD3C702612B}.Release|Any CPU.Build.0 = Release|Any CPU
		{6E5303B7-BE79-0357-A3C4-973BCE570BCB}.Debug|Any CPU.ActiveCfg = Debug|Any CPU
		{6E5303B7-BE79-0357-A3C4-973BCE570BCB}.Debug|Any CPU.Build.0 = Debug|Any CPU
		{6E5303B7-BE79-0357-A3C4-973BCE570BCB}.Release|Any CPU.ActiveCfg = Release|Any CPU
		{6E5303B7-BE79-0357-A3C4-973BCE570BCB}.Release|Any CPU.Build.0 = Release|Any CPU
		{85C1C841-87FD-4D67-BB31-BC8B9BCBFCC5}.Debug|Any CPU.ActiveCfg = Debug|Any CPU
		{85C1C841-87FD-4D67-BB31-BC8B9BCBFCC5}.Debug|Any CPU.Build.0 = Debug|Any CPU
		{85C1C841-87FD-4D67-BB31-BC8B9BCBFCC5}.Release|Any CPU.ActiveCfg = Release|Any CPU
		{85C1C841-87FD-4D67-BB31-BC8B9BCBFCC5}.Release|Any CPU.Build.0 = Release|Any CPU
		{21CC0ACC-DBCD-39BF-63AE-9F8FC5ED8E6D}.Debug|Any CPU.ActiveCfg = Debug|Any CPU
		{21CC0ACC-DBCD-39BF-63AE-9F8FC5ED8E6D}.Debug|Any CPU.Build.0 = Debug|Any CPU
		{21CC0ACC-DBCD-39BF-63AE-9F8FC5ED8E6D}.Release|Any CPU.ActiveCfg = Release|Any CPU
		{21CC0ACC-DBCD-39BF-63AE-9F8FC5ED8E6D}.Release|Any CPU.Build.0 = Release|Any CPU
		{517776A7-07E6-99C8-8A2E-D875CDE96CD8}.Debug|Any CPU.ActiveCfg = Debug|Any CPU
		{517776A7-07E6-99C8-8A2E-D875CDE96CD8}.Debug|Any CPU.Build.0 = Debug|Any CPU
		{517776A7-07E6-99C8-8A2E-D875CDE96CD8}.Release|Any CPU.ActiveCfg = Release|Any CPU
		{517776A7-07E6-99C8-8A2E-D875CDE96CD8}.Release|Any CPU.Build.0 = Release|Any CPU
		{63D0C8D3-9391-3B84-098A-09848DFD69F6}.Debug|Any CPU.ActiveCfg = Debug|Any CPU
		{63D0C8D3-9391-3B84-098A-09848DFD69F6}.Debug|Any CPU.Build.0 = Debug|Any CPU
		{63D0C8D3-9391-3B84-098A-09848DFD69F6}.Release|Any CPU.ActiveCfg = Release|Any CPU
		{63D0C8D3-9391-3B84-098A-09848DFD69F6}.Release|Any CPU.Build.0 = Release|Any CPU
		{D756D7C8-C175-58D6-1A34-1BD475828515}.Debug|Any CPU.ActiveCfg = Debug|Any CPU
		{D756D7C8-C175-58D6-1A34-1BD475828515}.Debug|Any CPU.Build.0 = Debug|Any CPU
		{D756D7C8-C175-58D6-1A34-1BD475828515}.Release|Any CPU.ActiveCfg = Release|Any CPU
		{D756D7C8-C175-58D6-1A34-1BD475828515}.Release|Any CPU.Build.0 = Release|Any CPU
	EndGlobalSection
	GlobalSection(NestedProjects) = preSolution
		{9ABEC804-90DF-B1DF-C0A9-39B00B0A4869} = {EACEE379-1F6D-FE02-25EC-6D33BAD3E4F8}
		{3CF8BBC0-9E86-456F-53B3-3A4E1AC95F83} = {EACEE379-1F6D-FE02-25EC-6D33BAD3E4F8}
		{8C1B7B35-41FC-A2D9-94DA-3FF9BAEB85A0} = {EACEE379-1F6D-FE02-25EC-6D33BAD3E4F8}
		{332537F2-1126-862E-4090-02127BCAEBAF} = {EACEE379-1F6D-FE02-25EC-6D33BAD3E4F8}
		{A6FA5468-C70F-E4C5-D002-267CD59BDF53} = {EACEE379-1F6D-FE02-25EC-6D33BAD3E4F8}
		{764D83CC-C95A-4083-6FDB-E5E1CC4A142A} = {E97655C6-8103-DF36-FBDF-D51C9D7C4D96}
		{51641519-DD99-D4BD-98EF-9E41F8124A51} = {E97655C6-8103-DF36-FBDF-D51C9D7C4D96}
		{8ABE8CEE-35C9-1E66-1659-5B40E5F4BBA6} = {E97655C6-8103-DF36-FBDF-D51C9D7C4D96}
		{C56486D9-60EF-B985-D67B-97FF39B78C5A} = {4A42C87A-122D-7931-41C2-DB4A3938300E}
		{DD94BF3F-4DED-D67F-00B5-470D1CFA40EA} = {4A42C87A-122D-7931-41C2-DB4A3938300E}
		{CE21BACD-D4D8-31AE-7975-043D675C397E} = {4E12413F-7156-9B78-CACA-D25C32C4BD35}
		{01D7F7E4-7190-411F-3F5D-FF0B52498A19} = {4E12413F-7156-9B78-CACA-D25C32C4BD35}
		{E97655C6-8103-DF36-FBDF-D51C9D7C4D96} = {C4286E75-F82B-F32F-D03E-466753D351B4}
		{4A42C87A-122D-7931-41C2-DB4A3938300E} = {C4286E75-F82B-F32F-D03E-466753D351B4}
		{4E12413F-7156-9B78-CACA-D25C32C4BD35} = {C4286E75-F82B-F32F-D03E-466753D351B4}
		{C4286E75-F82B-F32F-D03E-466753D351B4} = {F44DA4B8-6CBB-1D0C-0E4B-677D6B5E64D3}
		{7BD5EC15-5A18-D2FF-9CB3-4B156D0CDA6C} = {C875AD02-AFEA-DFFD-E9AC-E32C9D2D35C2}
		{7042947B-519F-59CD-CD13-BF17705C5A80} = {C875AD02-AFEA-DFFD-E9AC-E32C9D2D35C2}
		{4FE1FBAC-8A0B-8754-DEAE-46165290BC65} = {C875AD02-AFEA-DFFD-E9AC-E32C9D2D35C2}
		{3C479840-9A52-A481-3AA6-EDD3C702612B} = {121DA1B2-4F22-0234-49EB-C2BF6DE55000}
		{6E5303B7-BE79-0357-A3C4-973BCE570BCB} = {121DA1B2-4F22-0234-49EB-C2BF6DE55000}
		{85C1C841-87FD-4D67-BB31-BC8B9BCBFCC5} = {44436FF8-FD08-2A12-5CD2-91E79E79B191}
		{21CC0ACC-DBCD-39BF-63AE-9F8FC5ED8E6D} = {44436FF8-FD08-2A12-5CD2-91E79E79B191}
		{C875AD02-AFEA-DFFD-E9AC-E32C9D2D35C2} = {A52714F1-E0C9-816B-4559-93D91AFEB334}
		{121DA1B2-4F22-0234-49EB-C2BF6DE55000} = {A52714F1-E0C9-816B-4559-93D91AFEB334}
		{44436FF8-FD08-2A12-5CD2-91E79E79B191} = {A52714F1-E0C9-816B-4559-93D91AFEB334}
		{A52714F1-E0C9-816B-4559-93D91AFEB334} = {F44DA4B8-6CBB-1D0C-0E4B-677D6B5E64D3}
		{517776A7-07E6-99C8-8A2E-D875CDE96CD8} = {F2C2E5CD-DF4C-3249-69C7-83C1BAC910D0}
		{63D0C8D3-9391-3B84-098A-09848DFD69F6} = {F2C2E5CD-DF4C-3249-69C7-83C1BAC910D0}
		{D756D7C8-C175-58D6-1A34-1BD475828515} = {6F4D94F8-93E2-3F48-642D-43232B9A6F1F}
	EndGlobalSection
EndGlobal
